lockfileVersion: '9.0'

settings:
  autoInstallPeers: true
  excludeLinksFromLockfile: false

importers:

  .:
    dependencies:
      '@catppuccin/tailwindcss':
        specifier: ^1.0.0
        version: 1.0.0
      tailwindcss:
        specifier: ^4.1.11
        version: 4.1.11

packages:

  '@catppuccin/tailwindcss@1.0.0':
    resolution: {integrity: sha512-l8pOlcYe2ncGd8a1gUmL5AHmKlxR2+CHuG5kt4Me6IZwzntW1DoLmj89BH+DcsPHBsdDGLrTSv35emlYyU3FeQ==}
    engines: {node: '>=22.0.0'}

  tailwindcss@4.1.11:
    resolution: {integrity: sha512-2E9TBm6MDD/xKYe+dvJZAmg3yxIEDNRc0jwlNyDg/4Fil2QcSLjFKGVff0lAf1jjeaArlG/M75Ey/EYr/OJtBA==}

snapshots:

  '@catppuccin/tailwindcss@1.0.0': {}

  tailwindcss@4.1.11: {}
